PODS:
  - Flutter (1.0.0)
  - okta_flutter (0.0.1):
    - Flutter
    - OktaOidc (= 3.11.2)
  - OktaOidc (3.11.2):
    - OktaOidc/AppAuth (= 3.11.2)
    - OktaOidc/Okta (= 3.11.2)
  - OktaOidc/AppAuth (3.11.2)
  - OktaOidc/Okta (3.11.2):
    - OktaOidc/AppAuth

DEPENDENCIES:
  - Flutter (from `Flutter`)
  - okta_flutter (from `.symlinks/plugins/okta_flutter/ios`)

SPEC REPOS:
  trunk:
    - OktaOidc

EXTERNAL SOURCES:
  Flutter:
    :path: Flutter
  okta_flutter:
    :path: ".symlinks/plugins/okta_flutter/ios"

SPEC CHECKSUMS:
  Flutter: 50d75fe2f02b26cc09d224853bb45737f8b3214a
  okta_flutter: c4944e981e3e3dd57740edb76976759a3a3b2b2a
  OktaOidc: 15fb3d494103d4f07ba8a523b3347d02c4d30486

PODFILE CHECKSUM: 015c32b2b4c31efbb05500c3f6dc7b3224002891

COCOAPODS: 1.11.3
